// !$*UTF8*$!
{
	archiveVersion = 1;
	classes = {
	};
	objectVersion = 56;
	objects = {

/* Begin PBXBuildFile section */
		6E625C9A2AA3CDEF00ABB2ED /* t2_CalculatorApp.swift in Sources */ = {isa = PBXBuildFile; fileRef = 6E625C992AA3CDEF00ABB2ED /* t2_CalculatorApp.swift */; };
		6E625C9E2AA3CDF000ABB2ED /* Assets.xcassets in Resources */ = {isa = PBXBuildFile; fileRef = 6E625C9D2AA3CDF000ABB2ED /* Assets.xcassets */; };
		6E625CA12AA3CDF000ABB2ED /* Preview Assets.xcassets in Resources */ = {isa = PBXBuildFile; fileRef = 6E625CA02AA3CDF000ABB2ED /* Preview Assets.xcassets */; };
		6E625CAD2AA3CF1C00ABB2ED /* MainView.swift in Sources */ = {isa = PBXBuildFile; fileRef = 6E625CAC2AA3CF1C00ABB2ED /* MainView.swift */; };
		6E66EEF82AA690D9000A1C93 /* CalcDisplayView.swift in Sources */ = {isa = PBXBuildFile; fileRef = 6E66EEF72AA690D9000A1C93 /* CalcDisplayView.swift */; };
		6E66EEFA2AA6A93A000A1C93 /* CalcButtonsView.swift in Sources */ = {isa = PBXBuildFile; fileRef = 6E66EEF92AA6A93A000A1C93 /* CalcButtonsView.swift */; };
		6E7A1B012AA8E9DE008425D8 /* UIDevice.swift in Sources */ = {isa = PBXBuildFile; fileRef = 6E7A1B002AA8E9DE008425D8 /* UIDevice.swift */; };
		6EA5D2432AA667420055431A /* CalcButtons.swift in Sources */ = {isa = PBXBuildFile; fileRef = 6EA5D2422AA667420055431A /* CalcButtons.swift */; };
		6EA5D2452AA667EE0055431A /* CalcApp.swift in Sources */ = {isa = PBXBuildFile; fileRef = 6EA5D2442AA667EE0055431A /* CalcApp.swift */; };
/* End PBXBuildFile section */

/* Begin PBXFileReference section */
		6E0C43552AA8ED07005D39BE /* Info.plist */ = {isa = PBXFileReference; lastKnownFileType = text.plist; path = Info.plist; sourceTree = "<group>"; };
		6E625C962AA3CDEF00ABB2ED /* t2-Calculator.app */ = {isa = PBXFileReference; explicitFileType = wrapper.application; includeInIndex = 0; path = "t2-Calculator.app"; sourceTree = BUILT_PRODUCTS_DIR; };
		6E625C992AA3CDEF00ABB2ED /* t2_CalculatorApp.swift */ = {isa = PBXFileReference; lastKnownFileType = sourcecode.swift; path = t2_CalculatorApp.swift; sourceTree = "<group>"; };
		6E625C9D2AA3CDF000ABB2ED /* Assets.xcassets */ = {isa = PBXFileReference; lastKnownFileType = folder.assetcatalog; path = Assets.xcassets; sourceTree = "<group>"; };
		6E625CA02AA3CDF000ABB2ED /* Preview Assets.xcassets */ = {isa = PBXFileReference; lastKnownFileType = folder.assetcatalog; path = "Preview Assets.xcassets"; sourceTree = "<group>"; };
		6E625CA22AA3CDF000ABB2ED /* t2_Calculator.entitlements */ = {isa = PBXFileReference; lastKnownFileType = text.plist.entitlements; path = t2_Calculator.entitlements; sourceTree = "<group>"; };
		6E625CAC2AA3CF1C00ABB2ED /* MainView.swift */ = {isa = PBXFileReference; lastKnownFileType = sourcecode.swift; path = MainView.swift; sourceTree = "<group>"; };
		6E66EEF72AA690D9000A1C93 /* CalcDisplayView.swift */ = {isa = PBXFileReference; lastKnownFileType = sourcecode.swift; path = CalcDisplayView.swift; sourceTree = "<group>"; };
		6E66EEF92AA6A93A000A1C93 /* CalcButtonsView.swift */ = {isa = PBXFileReference; lastKnownFileType = sourcecode.swift; path = CalcButtonsView.swift; sourceTree = "<group>"; };
		6E7A1B002AA8E9DE008425D8 /* UIDevice.swift */ = {isa = PBXFileReference; lastKnownFileType = sourcecode.swift; path = UIDevice.swift; sourceTree = "<group>"; };
		6EA5D2422AA667420055431A /* CalcButtons.swift */ = {isa = PBXFileReference; lastKnownFileType = sourcecode.swift; path = CalcButtons.swift; sourceTree = "<group>"; };
		6EA5D2442AA667EE0055431A /* CalcApp.swift */ = {isa = PBXFileReference; lastKnownFileType = sourcecode.swift; path = CalcApp.swift; sourceTree = "<group>"; };
/* End PBXFileReference section */

/* Begin PBXFrameworksBuildPhase section */
		6E625C932AA3CDEF00ABB2ED /* Frameworks */ = {
			isa = PBXFrameworksBuildPhase;
			buildActionMask = 2147483647;
			files = (
			);
			runOnlyForDeploymentPostprocessing = 0;
		};
/* End PBXFrameworksBuildPhase section */

/* Begin PBXGroup section */
		6E625C8D2AA3CDEF00ABB2ED = {
			isa = PBXGroup;
			children = (
				6E625C982AA3CDEF00ABB2ED /* t2-Calculator */,
				6E625C972AA3CDEF00ABB2ED /* Products */,
			);
			sourceTree = "<group>";
		};
		6E625C972AA3CDEF00ABB2ED /* Products */ = {
			isa = PBXGroup;
			children = (
				6E625C962AA3CDEF00ABB2ED /* t2-Calculator.app */,
			);
			name = Products;
			sourceTree = "<group>";
		};
		6E625C982AA3CDEF00ABB2ED /* t2-Calculator */ = {
			isa = PBXGroup;
			children = (
				6E0C43552AA8ED07005D39BE /* Info.plist */,
				6EA5D2352AA659580055431A /* Apple */,
			);
			path = "t2-Calculator";
			sourceTree = "<group>";
		};
		6E625C9F2AA3CDF000ABB2ED /* Preview Content */ = {
			isa = PBXGroup;
			children = (
				6E625CA02AA3CDF000ABB2ED /* Preview Assets.xcassets */,
			);
			path = "Preview Content";
			sourceTree = "<group>";
		};
		6E66EEF62AA69011000A1C93 /* Enums */ = {
			isa = PBXGroup;
			children = (
				6EA5D2422AA667420055431A /* CalcButtons.swift */,
			);
			path = Enums;
			sourceTree = "<group>";
		};
		6E7A1AFF2AA8E9D5008425D8 /* Extensions */ = {
			isa = PBXGroup;
			children = (
				6E7A1B002AA8E9DE008425D8 /* UIDevice.swift */,
			);
			path = Extensions;
			sourceTree = "<group>";
		};
		6EA5D2352AA659580055431A /* Apple */ = {
			isa = PBXGroup;
			children = (
				6EA5D2372AA65BDD0055431A /* Code */,
				6EA5D2362AA659750055431A /* Resources */,
			);
			path = Apple;
			sourceTree = "<group>";
		};
		6EA5D2362AA659750055431A /* Resources */ = {
			isa = PBXGroup;
			children = (
				6E625CA22AA3CDF000ABB2ED /* t2_Calculator.entitlements */,
				6E625C9D2AA3CDF000ABB2ED /* Assets.xcassets */,
				6E625C9F2AA3CDF000ABB2ED /* Preview Content */,
			);
			path = Resources;
			sourceTree = "<group>";
		};
		6EA5D2372AA65BDD0055431A /* Code */ = {
			isa = PBXGroup;
			children = (
				6EA5D2382AA65BE40055431A /* Common */,
				6EA5D23A2AA65DCC0055431A /* Main */,
			);
			path = Code;
			sourceTree = "<group>";
		};
		6EA5D2382AA65BE40055431A /* Common */ = {
			isa = PBXGroup;
			children = (
				6EA5D2392AA65DAE0055431A /* Controller */,
				6E7A1AFF2AA8E9D5008425D8 /* Extensions */,
			);
			path = Common;
			sourceTree = "<group>";
		};
		6EA5D2392AA65DAE0055431A /* Controller */ = {
			isa = PBXGroup;
			children = (
				6E625C992AA3CDEF00ABB2ED /* t2_CalculatorApp.swift */,
			);
			path = Controller;
			sourceTree = "<group>";
		};
		6EA5D23A2AA65DCC0055431A /* Main */ = {
			isa = PBXGroup;
			children = (
				6EA5D23D2AA65DEA0055431A /* Models */,
				6EA5D23B2AA65DD30055431A /* Views */,
			);
			path = Main;
			sourceTree = "<group>";
		};
		6EA5D23B2AA65DD30055431A /* Views */ = {
			isa = PBXGroup;
			children = (
				6E625CAC2AA3CF1C00ABB2ED /* MainView.swift */,
				6E66EEF72AA690D9000A1C93 /* CalcDisplayView.swift */,
				6E66EEF92AA6A93A000A1C93 /* CalcButtonsView.swift */,
			);
			path = Views;
			sourceTree = "<group>";
		};
		6EA5D23D2AA65DEA0055431A /* Models */ = {
			isa = PBXGroup;
			children = (
				6E66EEF62AA69011000A1C93 /* Enums */,
				6EA5D2442AA667EE0055431A /* CalcApp.swift */,
			);
			path = Models;
			sourceTree = "<group>";
		};
/* End PBXGroup section */

/* Begin PBXNativeTarget section */
		6E625C952AA3CDEF00ABB2ED /* t2-Calculator */ = {
			isa = PBXNativeTarget;
			buildConfigurationList = 6E625CA52AA3CDF000ABB2ED /* Build configuration list for PBXNativeTarget "t2-Calculator" */;
			buildPhases = (
				6E625C922AA3CDEF00ABB2ED /* Sources */,
				6E625C932AA3CDEF00ABB2ED /* Frameworks */,
				6E625C942AA3CDEF00ABB2ED /* Resources */,
			);
			buildRules = (
			);
			dependencies = (
			);
			name = "t2-Calculator";
			productName = "t2-Calculator";
			productReference = 6E625C962AA3CDEF00ABB2ED /* t2-Calculator.app */;
			productType = "com.apple.product-type.application";
		};
/* End PBXNativeTarget section */

/* Begin PBXProject section */
		6E625C8E2AA3CDEF00ABB2ED /* Project object */ = {
			isa = PBXProject;
			attributes = {
				BuildIndependentTargetsInParallel = 1;
				LastSwiftUpdateCheck = 1430;
				LastUpgradeCheck = 1430;
				TargetAttributes = {
					6E625C952AA3CDEF00ABB2ED = {
						CreatedOnToolsVersion = 14.3.1;
					};
				};
			};
			buildConfigurationList = 6E625C912AA3CDEF00ABB2ED /* Build configuration list for PBXProject "t2-Calculator" */;
			compatibilityVersion = "Xcode 14.0";
			developmentRegion = en;
			hasScannedForEncodings = 0;
			knownRegions = (
				en,
				Base,
			);
			mainGroup = 6E625C8D2AA3CDEF00ABB2ED;
			productRefGroup = 6E625C972AA3CDEF00ABB2ED /* Products */;
			projectDirPath = "";
			projectRoot = "";
			targets = (
				6E625C952AA3CDEF00ABB2ED /* t2-Calculator */,
			);
		};
/* End PBXProject section */

/* Begin PBXResourcesBuildPhase section */
		6E625C942AA3CDEF00ABB2ED /* Resources */ = {
			isa = PBXResourcesBuildPhase;
			buildActionMask = 2147483647;
			files = (
				6E625CA12AA3CDF000ABB2ED /* Preview Assets.xcassets in Resources */,
				6E625C9E2AA3CDF000ABB2ED /* Assets.xcassets in Resources */,
			);
			runOnlyForDeploymentPostprocessing = 0;
		};
/* End PBXResourcesBuildPhase section */

/* Begin PBXSourcesBuildPhase section */
		6E625C922AA3CDEF00ABB2ED /* Sources */ = {
			isa = PBXSourcesBuildPhase;
			buildActionMask = 2147483647;
			files = (
				6EA5D2432AA667420055431A /* CalcButtons.swift in Sources */,
				6EA5D2452AA667EE0055431A /* CalcApp.swift in Sources */,
				6E66EEF82AA690D9000A1C93 /* CalcDisplayView.swift in Sources */,
				6E625C9A2AA3CDEF00ABB2ED /* t2_CalculatorApp.swift in Sources */,
				6E625CAD2AA3CF1C00ABB2ED /* MainView.swift in Sources */,
				6E66EEFA2AA6A93A000A1C93 /* CalcButtonsView.swift in Sources */,
				6E7A1B012AA8E9DE008425D8 /* UIDevice.swift in Sources */,
			);
			runOnlyForDeploymentPostprocessing = 0;
		};
/* End PBXSourcesBuildPhase section */

/* Begin XCBuildConfiguration section */
		6E625CA32AA3CDF000ABB2ED /* Debug */ = {
			isa = XCBuildConfiguration;
			buildSettings = {
				ALWAYS_SEARCH_USER_PATHS = NO;
				CLANG_ANALYZER_NONNULL = YES;
				CLANG_ANALYZER_NUMBER_OBJECT_CONVERSION = YES_AGGRESSIVE;
				CLANG_CXX_LANGUAGE_STANDARD = "gnu++20";
				CLANG_ENABLE_MODULES = YES;
				CLANG_ENABLE_OBJC_ARC = YES;
				CLANG_ENABLE_OBJC_WEAK = YES;
				CLANG_WARN_BLOCK_CAPTURE_AUTORELEASING = YES;
				CLANG_WARN_BOOL_CONVERSION = YES;
				CLANG_WARN_COMMA = YES;
				CLANG_WARN_CONSTANT_CONVERSION = YES;
				CLANG_WARN_DEPRECATED_OBJC_IMPLEMENTATIONS = YES;
				CLANG_WARN_DIRECT_OBJC_ISA_USAGE = YES_ERROR;
				CLANG_WARN_DOCUMENTATION_COMMENTS = YES;
				CLANG_WARN_EMPTY_BODY = YES;
				CLANG_WARN_ENUM_CONVERSION = YES;
				CLANG_WARN_INFINITE_RECURSION = YES;
				CLANG_WARN_INT_CONVERSION = YES;
				CLANG_WARN_NON_LITERAL_NULL_CONVERSION = YES;
				CLANG_WARN_OBJC_IMPLICIT_RETAIN_SELF = YES;
				CLANG_WARN_OBJC_LITERAL_CONVERSION = YES;
				CLANG_WARN_OBJC_ROOT_CLASS = YES_ERROR;
				CLANG_WARN_QUOTED_INCLUDE_IN_FRAMEWORK_HEADER = YES;
				CLANG_WARN_RANGE_LOOP_ANALYSIS = YES;
				CLANG_WARN_STRICT_PROTOTYPES = YES;
				CLANG_WARN_SUSPICIOUS_MOVE = YES;
				CLANG_WARN_UNGUARDED_AVAILABILITY = YES_AGGRESSIVE;
				CLANG_WARN_UNREACHABLE_CODE = YES;
				CLANG_WARN__DUPLICATE_METHOD_MATCH = YES;
				COPY_PHASE_STRIP = NO;
				DEBUG_INFORMATION_FORMAT = dwarf;
				ENABLE_STRICT_OBJC_MSGSEND = YES;
				ENABLE_TESTABILITY = YES;
				GCC_C_LANGUAGE_STANDARD = gnu11;
				GCC_DYNAMIC_NO_PIC = NO;
				GCC_NO_COMMON_BLOCKS = YES;
				GCC_OPTIMIZATION_LEVEL = 0;
				GCC_PREPROCESSOR_DEFINITIONS = (
					"DEBUG=1",
					"$(inherited)",
				);
				GCC_WARN_64_TO_32_BIT_CONVERSION = YES;
				GCC_WARN_ABOUT_RETURN_TYPE = YES_ERROR;
				GCC_WARN_UNDECLARED_SELECTOR = YES;
				GCC_WARN_UNINITIALIZED_AUTOS = YES_AGGRESSIVE;
				GCC_WARN_UNUSED_FUNCTION = YES;
				GCC_WARN_UNUSED_VARIABLE = YES;
				MACOSX_DEPLOYMENT_TARGET = 13.3;
				MTL_ENABLE_DEBUG_INFO = INCLUDE_SOURCE;
				MTL_FAST_MATH = YES;
				ONLY_ACTIVE_ARCH = YES;
				SDKROOT = macosx;
				SWIFT_ACTIVE_COMPILATION_CONDITIONS = DEBUG;
				SWIFT_OPTIMIZATION_LEVEL = "-Onone";
			};
			name = Debug;
		};
		6E625CA42AA3CDF000ABB2ED /* Release */ = {
			isa = XCBuildConfiguration;
			buildSettings = {
				ALWAYS_SEARCH_USER_PATHS = NO;
				CLANG_ANALYZER_NONNULL = YES;
				CLANG_ANALYZER_NUMBER_OBJECT_CONVERSION = YES_AGGRESSIVE;
				CLANG_CXX_LANGUAGE_STANDARD = "gnu++20";
				CLANG_ENABLE_MODULES = YES;
				CLANG_ENABLE_OBJC_ARC = YES;
				CLANG_ENABLE_OBJC_WEAK = YES;
				CLANG_WARN_BLOCK_CAPTURE_AUTORELEASING = YES;
				CLANG_WARN_BOOL_CONVERSION = YES;
				CLANG_WARN_COMMA = YES;
				CLANG_WARN_CONSTANT_CONVERSION = YES;
				CLANG_WARN_DEPRECATED_OBJC_IMPLEMENTATIONS = YES;
				CLANG_WARN_DIRECT_OBJC_ISA_USAGE = YES_ERROR;
				CLANG_WARN_DOCUMENTATION_COMMENTS = YES;
				CLANG_WARN_EMPTY_BODY = YES;
				CLANG_WARN_ENUM_CONVERSION = YES;
				CLANG_WARN_INFINITE_RECURSION = YES;
				CLANG_WARN_INT_CONVERSION = YES;
				CLANG_WARN_NON_LITERAL_NULL_CONVERSION = YES;
				CLANG_WARN_OBJC_IMPLICIT_RETAIN_SELF = YES;
				CLANG_WARN_OBJC_LITERAL_CONVERSION = YES;
				CLANG_WARN_OBJC_ROOT_CLASS = YES_ERROR;
				CLANG_WARN_QUOTED_INCLUDE_IN_FRAMEWORK_HEADER = YES;
				CLANG_WARN_RANGE_LOOP_ANALYSIS = YES;
				CLANG_WARN_STRICT_PROTOTYPES = YES;
				CLANG_WARN_SUSPICIOUS_MOVE = YES;
				CLANG_WARN_UNGUARDED_AVAILABILITY = YES_AGGRESSIVE;
				CLANG_WARN_UNREACHABLE_CODE = YES;
				CLANG_WARN__DUPLICATE_METHOD_MATCH = YES;
				COPY_PHASE_STRIP = NO;
				DEBUG_INFORMATION_FORMAT = "dwarf-with-dsym";
				ENABLE_NS_ASSERTIONS = NO;
				ENABLE_STRICT_OBJC_MSGSEND = YES;
				GCC_C_LANGUAGE_STANDARD = gnu11;
				GCC_NO_COMMON_BLOCKS = YES;
				GCC_WARN_64_TO_32_BIT_CONVERSION = YES;
				GCC_WARN_ABOUT_RETURN_TYPE = YES_ERROR;
				GCC_WARN_UNDECLARED_SELECTOR = YES;
				GCC_WARN_UNINITIALIZED_AUTOS = YES_AGGRESSIVE;
				GCC_WARN_UNUSED_FUNCTION = YES;
				GCC_WARN_UNUSED_VARIABLE = YES;
				MACOSX_DEPLOYMENT_TARGET = 13.3;
				MTL_ENABLE_DEBUG_INFO = NO;
				MTL_FAST_MATH = YES;
				SDKROOT = macosx;
				SWIFT_COMPILATION_MODE = wholemodule;
				SWIFT_OPTIMIZATION_LEVEL = "-O";
			};
			name = Release;
		};
		6E625CA62AA3CDF000ABB2ED /* Debug */ = {
			isa = XCBuildConfiguration;
			buildSettings = {
				ASSETCATALOG_COMPILER_APPICON_NAME = AppIcon;
				ASSETCATALOG_COMPILER_GLOBAL_ACCENT_COLOR_NAME = AccentColor;
				CODE_SIGN_ENTITLEMENTS = "t2-Calculator/Apple/Resources/t2_Calculator.entitlements";
				CODE_SIGN_STYLE = Automatic;
				COMBINE_HIDPI_IMAGES = YES;
				CURRENT_PROJECT_VERSION = 09042023;
				DEVELOPMENT_ASSET_PATHS = "t2-Calculator/Apple/Resources/Preview\\ Content";
				DEVELOPMENT_TEAM = 65FSLC78UU;
				ENABLE_HARDENED_RUNTIME = YES;
				ENABLE_PREVIEWS = YES;
				GENERATE_INFOPLIST_FILE = YES;
				INFOPLIST_FILE = "t2-Calculator/Info.plist";
				INFOPLIST_KEY_NSHumanReadableCopyright = "";
				INFOPLIST_KEY_UISupportedInterfaceOrientations_iPad = "UIInterfaceOrientationPortrait UIInterfaceOrientationPortraitUpsideDown";
				INFOPLIST_KEY_UISupportedInterfaceOrientations_iPhone = "UIInterfaceOrientationPortrait UIInterfaceOrientationPortraitUpsideDown";
				LD_RUNPATH_SEARCH_PATHS = (
					"$(inherited)",
					"@executable_path/../Frameworks",
				);
				MARKETING_VERSION = 1.0;
				PRODUCT_BUNDLE_IDENTIFIER = "com.derekharne.t2-Calculator";
				PRODUCT_NAME = "$(TARGET_NAME)";
				SUPPORTED_PLATFORMS = "iphoneos iphonesimulator macosx";
				SUPPORTS_MACCATALYST = NO;
				SUPPORTS_MAC_DESIGNED_FOR_IPHONE_IPAD = NO;
				SWIFT_EMIT_LOC_STRINGS = YES;
				SWIFT_VERSION = 5.0;
				TARGETED_DEVICE_FAMILY = "1,2";
			};
			name = Debug;
		};
		6E625CA72AA3CDF000ABB2ED /* Release */ = {
			isa = XCBuildConfiguration;
			buildSettings = {
				ASSETCATALOG_COMPILER_APPICON_NAME = AppIcon;
				ASSETCATALOG_COMPILER_GLOBAL_ACCENT_COLOR_NAME = AccentColor;
				CODE_SIGN_ENTITLEMENTS = "t2-Calculator/Apple/Resources/t2_Calculator.entitlements";
				CODE_SIGN_STYLE = Automatic;
				COMBINE_HIDPI_IMAGES = YES;
				CURRENT_PROJECT_VERSION = 09042023;
				DEVELOPMENT_ASSET_PATHS = "t2-Calculator/Apple/Resources/Preview\\ Content";
				DEVELOPMENT_TEAM = 65FSLC78UU;
				ENABLE_HARDENED_RUNTIME = YES;
				ENABLE_PREVIEWS = YES;
				GENERATE_INFOPLIST_FILE = YES;
				INFOPLIST_FILE = "t2-Calculator/Info.plist";
				INFOPLIST_KEY_NSHumanReadableCopyright = "";
				INFOPLIST_KEY_UISupportedInterfaceOrientations_iPad = "UIInterfaceOrientationPortrait UIInterfaceOrientationPortraitUpsideDown";
				INFOPLIST_KEY_UISupportedInterfaceOrientations_iPhone = "UIInterfaceOrientationPortrait UIInterfaceOrientationPortraitUpsideDown";
				LD_RUNPATH_SEARCH_PATHS = (
					"$(inherited)",
					"@executable_path/../Frameworks",
				);
				MARKETING_VERSION = 1.0;
				PRODUCT_BUNDLE_IDENTIFIER = "com.derekharne.t2-Calculator";
				PRODUCT_NAME = "$(TARGET_NAME)";
				SUPPORTED_PLATFORMS = "iphoneos iphonesimulator macosx";
				SUPPORTS_MACCATALYST = NO;
				SUPPORTS_MAC_DESIGNED_FOR_IPHONE_IPAD = NO;
				SWIFT_EMIT_LOC_STRINGS = YES;
				SWIFT_VERSION = 5.0;
				TARGETED_DEVICE_FAMILY = "1,2";
			};
			name = Release;
		};
/* End XCBuildConfiguration section */

/* Begin XCConfigurationList section */
		6E625C912AA3CDEF00ABB2ED /* Build configuration list for PBXProject "t2-Calculator" */ = {
			isa = XCConfigurationList;
			buildConfigurations = (
				6E625CA32AA3CDF000ABB2ED /* Debug */,
				6E625CA42AA3CDF000ABB2ED /* Release */,
			);
			defaultConfigurationIsVisible = 0;
			defaultConfigurationName = Release;
		};
		6E625CA52AA3CDF000ABB2ED /* Build configuration list for PBXNativeTarget "t2-Calculator" */ = {
			isa = XCConfigurationList;
			buildConfigurations = (
				6E625CA62AA3CDF000ABB2ED /* Debug */,
				6E625CA72AA3CDF000ABB2ED /* Release */,
			);
			defaultConfigurationIsVisible = 0;
			defaultConfigurationName = Release;
		};
/* End XCConfigurationList section */
	};
	rootObject = 6E625C8E2AA3CDEF00ABB2ED /* Project object */;
}
